
Microsoft Visual Studio Solution File, Format Version 12.00
# Visual Studio Version 17
VisualStudioVersion = 17.11.35303.130
MinimumVisualStudioVersion = 10.0.40219.1
Project("{FAE04EC0-301F-11D3-BF4B-00C04F79EFBC}") = "Chuong_Trinh", "Chuong_Trinh\Chuong_Trinh.csproj", "{DA63DC3D-CC19-4016-8BE3-31297234546F}"
EndProject
Global
	GlobalSection(SolutionConfigurationPlatforms) = preSolution
		Debug|Any CPU = Debug|Any CPU
		Release|Any CPU = Release|Any CPU
	EndGlobalSection
	GlobalSection(ProjectConfigurationPlatforms) = postSolution
		{DA63DC3D-CC19-4016-8BE3-31297234546F}.Debug|Any CPU.ActiveCfg = Debug|Any CPU
		{DA63DC3D-CC19-4016-8BE3-31297234546F}.Debug|Any CPU.Build.0 = Debug|Any CPU
		{DA63DC3D-CC19-4016-8BE3-31297234546F}.Release|Any CPU.ActiveCfg = Release|Any CPU
		{DA63DC3D-CC19-4016-8BE3-31297234546F}.Release|Any CPU.Build.0 = Release|Any CPU
	EndGlobalSection
	GlobalSection(SolutionProperties) = preSolution
		HideSolutionNode = FALSE
	EndGlobalSection
	GlobalSection(ExtensibilityGlobals) = postSolution
		SolutionGuid = {14E59BE5-A17B-4E78-B5A8-C2180E2EB279}
	EndGlobalSection
EndGlobal
